
Microsoft Visual Studio Solution File, Format Version 12.00
# Visual Studio Version 16
VisualStudioVersion = 16.0.32126.315
MinimumVisualStudioVersion = 10.0.40219.1
Project("{FAE04EC0-301F-11D3-BF4B-00C04F79EFBC}") = "ConsoleApp4", "ConsoleApp4.csproj", "{A52D9F49-AB34-456F-B61A-DC51F398657D}"
EndProject
Global
	GlobalSection(SolutionConfigurationPlatforms) = preSolution
		Debug|Any CPU = Debug|Any CPU
		Release|Any CPU = Release|Any CPU
	EndGlobalSection
	GlobalSection(ProjectConfigurationPlatforms) = postSolution
		{A52D9F49-AB34-456F-B61A-DC51F398657D}.Debug|Any CPU.ActiveCfg = Debug|Any CPU
		{A52D9F49-AB34-456F-B61A-DC51F398657D}.Debug|Any CPU.Build.0 = Debug|Any CPU
		{A52D9F49-AB34-456F-B61A-DC51F398657D}.Release|Any CPU.ActiveCfg = Release|Any CPU
		{A52D9F49-AB34-456F-B61A-DC51F398657D}.Release|Any CPU.Build.0 = Release|Any CPU
	EndGlobalSection
	GlobalSection(SolutionProperties) = preSolution
		HideSolutionNode = FALSE
	EndGlobalSection
	GlobalSection(ExtensibilityGlobals) = postSolution
		SolutionGuid = {1EB8E906-71B0-43B3-9C2F-613B27071047}
	EndGlobalSection
EndGlobal
